
Microsoft Visual Studio Solution File, Format Version 12.00
# Visual Studio Version 17
VisualStudioVersion = 17.5.33424.131
MinimumVisualStudioVersion = 10.0.40219.1
Project("{8BC9CEB8-8B4A-11D0-8D11-00A0C91BC942}") = "Task1", "Task1.vcxproj", "{7ECCB2C9-C0D8-47FB-88C0-546434F5112F}"
EndProject
Global
	GlobalSection(SolutionConfigurationPlatforms) = preSolution
		Debug|x64 = Debug|x64
		Debug|x86 = Debug|x86
		Release|x64 = Release|x64
		Release|x86 = Release|x86
	EndGlobalSection
	GlobalSection(ProjectConfigurationPlatforms) = postSolution
		{7ECCB2C9-C0D8-47FB-88C0-546434F5112F}.Debug|x64.ActiveCfg = Debug|x64
		{7ECCB2C9-C0D8-47FB-88C0-546434F5112F}.Debug|x64.Build.0 = Debug|x64
		{7ECCB2C9-C0D8-47FB-88C0-546434F5112F}.Debug|x86.ActiveCfg = Debug|Win32
		{7ECCB2C9-C0D8-47FB-88C0-546434F5112F}.Debug|x86.Build.0 = Debug|Win32
		{7ECCB2C9-C0D8-47FB-88C0-546434F5112F}.Release|x64.ActiveCfg = Release|x64
		{7ECCB2C9-C0D8-47FB-88C0-546434F5112F}.Release|x64.Build.0 = Release|x64
		{7ECCB2C9-C0D8-47FB-88C0-546434F5112F}.Release|x86.ActiveCfg = Release|Win32
		{7ECCB2C9-C0D8-47FB-88C0-546434F5112F}.Release|x86.Build.0 = Release|Win32
	EndGlobalSection
	GlobalSection(SolutionProperties) = preSolution
		HideSolutionNode = FALSE
	EndGlobalSection
	GlobalSection(ExtensibilityGlobals) = postSolution
		SolutionGuid = {31B191CD-0FAF-4FB3-9BB3-CA683870B7A2}
	EndGlobalSection
EndGlobal
